// !$*UTF8*$!
{
	archiveVersion = 1;
	classes = {
	};
	objectVersion = 46;
	objects = {

/* Begin PBXBuildFile section */
		DB14F7711C803608000FA15F /* AppDelegate.swift in Sources */ = {isa = PBXBuildFile; fileRef = DB14F7701C803608000FA15F /* AppDelegate.swift */; };
		DB14F7731C803608000FA15F /* ViewController.swift in Sources */ = {isa = PBXBuildFile; fileRef = DB14F7721C803608000FA15F /* ViewController.swift */; };
		DB14F7761C803608000FA15F /* Main.storyboard in Resources */ = {isa = PBXBuildFile; fileRef = DB14F7741C803608000FA15F /* Main.storyboard */; };
		DB14F7781C803608000FA15F /* Assets.xcassets in Resources */ = {isa = PBXBuildFile; fileRef = DB14F7771C803608000FA15F /* Assets.xcassets */; };
		DB14F77B1C803608000FA15F /* LaunchScreen.storyboard in Resources */ = {isa = PBXBuildFile; fileRef = DB14F7791C803608000FA15F /* LaunchScreen.storyboard */; };
/* End PBXBuildFile section */

/* Begin PBXFileReference section */
		DB14F76D1C803608000FA15F /* Celluloid.app */ = {isa = PBXFileReference; explicitFileType = wrapper.application; includeInIndex = 0; path = Celluloid.app; sourceTree = BUILT_PRODUCTS_DIR; };
		DB14F7701C803608000FA15F /* AppDelegate.swift */ = {isa = PBXFileReference; lastKnownFileType = sourcecode.swift; path = AppDelegate.swift; sourceTree = "<group>"; };
		DB14F7721C803608000FA15F /* ViewController.swift */ = {isa = PBXFileReference; lastKnownFileType = sourcecode.swift; path = ViewController.swift; sourceTree = "<group>"; };
		DB14F7751C803608000FA15F /* Base */ = {isa = PBXFileReference; lastKnownFileType = file.storyboard; name = Base; path = Base.lproj/Main.storyboard; sourceTree = "<group>"; };
		DB14F7771C803608000FA15F /* Assets.xcassets */ = {isa = PBXFileReference; lastKnownFileType = folder.assetcatalog; path = Assets.xcassets; sourceTree = "<group>"; };
		DB14F77A1C803608000FA15F /* Base */ = {isa = PBXFileReference; lastKnownFileType = file.storyboard; name = Base; path = Base.lproj/LaunchScreen.storyboard; sourceTree = "<group>"; };
		DB14F77C1C803608000FA15F /* Info.plist */ = {isa = PBXFileReference; lastKnownFileType = text.plist.xml; path = Info.plist; sourceTree = "<group>"; };
/* End PBXFileReference section */

/* Begin PBXFrameworksBuildPhase section */
		DB14F76A1C803608000FA15F /* Frameworks */ = {
			isa = PBXFrameworksBuildPhase;
			buildActionMask = 2147483647;
			files = (
			);
			runOnlyForDeploymentPostprocessing = 0;
		};
/* End PBXFrameworksBuildPhase section */

/* Begin PBXGroup section */
		DB14F7641C803608000FA15F = {
			isa = PBXGroup;
			children = (
				DB14F76F1C803608000FA15F /* Celluloid */,
				DB14F76E1C803608000FA15F /* Products */,
			);
			sourceTree = "<group>";
		};
		DB14F76E1C803608000FA15F /* Products */ = {
			isa = PBXGroup;
			children = (
				DB14F76D1C803608000FA15F /* Celluloid.app */,
			);
			name = Products;
			sourceTree = "<group>";
		};
		DB14F76F1C803608000FA15F /* Celluloid */ = {
			isa = PBXGroup;
			children = (
				DB14F7701C803608000FA15F /* AppDelegate.swift */,
				DB14F7721C803608000FA15F /* ViewController.swift */,
				DB14F7741C803608000FA15F /* Main.storyboard */,
				DB14F7771C803608000FA15F /* Assets.xcassets */,
				DB14F7791C803608000FA15F /* LaunchScreen.storyboard */,
				DB14F77C1C803608000FA15F /* Info.plist */,
			);
			path = Celluloid;
			sourceTree = "<group>";
		};
/* End PBXGroup section */

/* Begin PBXNativeTarget section */
		DB14F76C1C803608000FA15F /* Celluloid */ = {
			isa = PBXNativeTarget;
			buildConfigurationList = DB14F77F1C803608000FA15F /* Build configuration list for PBXNativeTarget "Celluloid" */;
			buildPhases = (
				DB14F7691C803608000FA15F /* Sources */,
				DB14F76A1C803608000FA15F /* Frameworks */,
				DB14F76B1C803608000FA15F /* Resources */,
			);
			buildRules = (
			);
			dependencies = (
			);
			name = Celluloid;
			productName = Celluloid;
			productReference = DB14F76D1C803608000FA15F /* Celluloid.app */;
			productType = "com.apple.product-type.application";
		};
/* End PBXNativeTarget section */

/* Begin PBXProject section */
		DB14F7651C803608000FA15F /* Project object */ = {
			isa = PBXProject;
			attributes = {
				LastSwiftUpdateCheck = 0720;
				LastUpgradeCheck = 0720;
				ORGANIZATIONNAME = Mango;
				TargetAttributes = {
					DB14F76C1C803608000FA15F = {
						CreatedOnToolsVersion = 7.2.1;
					};
				};
			};
			buildConfigurationList = DB14F7681C803608000FA15F /* Build configuration list for PBXProject "Celluloid" */;
			compatibilityVersion = "Xcode 3.2";
			developmentRegion = English;
			hasScannedForEncodings = 0;
			knownRegions = (
				en,
				Base,
			);
			mainGroup = DB14F7641C803608000FA15F;
			productRefGroup = DB14F76E1C803608000FA15F /* Products */;
			projectDirPath = "";
			projectRoot = "";
			targets = (
				DB14F76C1C803608000FA15F /* Celluloid */,
			);
		};
/* End PBXProject section */

/* Begin PBXResourcesBuildPhase section */
		DB14F76B1C803608000FA15F /* Resources */ = {
			isa = PBXResourcesBuildPhase;
			buildActionMask = 2147483647;
			files = (
				DB14F77B1C803608000FA15F /* LaunchScreen.storyboard in Resources */,
				DB14F7781C803608000FA15F /* Assets.xcassets in Resources */,
				DB14F7761C803608000FA15F /* Main.storyboard in Resources */,
			);
			runOnlyForDeploymentPostprocessing = 0;
		};
/* End PBXResourcesBuildPhase section */

/* Begin PBXSourcesBuildPhase section */
		DB14F7691C803608000FA15F /* Sources */ = {
			isa = PBXSourcesBuildPhase;
			buildActionMask = 2147483647;
			files = (
				DB14F7731C803608000FA15F /* ViewController.swift in Sources */,
				DB14F7711C803608000FA15F /* AppDelegate.swift in Sources */,
			);
			runOnlyForDeploymentPostprocessing = 0;
		};
/* End PBXSourcesBuildPhase section */

/* Begin PBXVariantGroup section */
		DB14F7741C803608000FA15F /* Main.storyboard */ = {
			isa = PBXVariantGroup;
			children = (
				DB14F7751C803608000FA15F /* Base */,
			);
			name = Main.storyboard;
			sourceTree = "<group>";
		};
		DB14F7791C803608000FA15F /* LaunchScreen.storyboard */ = {
			isa = PBXVariantGroup;
			children = (
				DB14F77A1C803608000FA15F /* Base */,
			);
			name = LaunchScreen.storyboard;
			sourceTree = "<group>";
		};
/* End PBXVariantGroup section */

/* Begin XCBuildConfiguration section */
		DB14F77D1C803608000FA15F /* Debug */ = {
			isa = XCBuildConfiguration;
			buildSettings = {
				ALWAYS_SEARCH_USER_PATHS = NO;
				CLANG_CXX_LANGUAGE_STANDARD = "gnu++0x";
				CLANG_CXX_LIBRARY = "libc++";
				CLANG_ENABLE_MODULES = YES;
				CLANG_ENABLE_OBJC_ARC = YES;
				CLANG_WARN_BOOL_CONVERSION = YES;
				CLANG_WARN_CONSTANT_CONVERSION = YES;
				CLANG_WARN_DIRECT_OBJC_ISA_USAGE = YES_ERROR;
				CLANG_WARN_EMPTY_BODY = YES;
				CLANG_WARN_ENUM_CONVERSION = YES;
				CLANG_WARN_INT_CONVERSION = YES;
				CLANG_WARN_OBJC_ROOT_CLASS = YES_ERROR;
				CLANG_WARN_UNREACHABLE_CODE = YES;
				CLANG_WARN__DUPLICATE_METHOD_MATCH = YES;
				"CODE_SIGN_IDENTITY[sdk=iphoneos*]" = "iPhone Developer";
				COPY_PHASE_STRIP = NO;
				DEBUG_INFORMATION_FORMAT = dwarf;
				ENABLE_STRICT_OBJC_MSGSEND = YES;
				ENABLE_TESTABILITY = YES;
				GCC_C_LANGUAGE_STANDARD = gnu99;
				GCC_DYNAMIC_NO_PIC = NO;
				GCC_NO_COMMON_BLOCKS = YES;
				GCC_OPTIMIZATION_LEVEL = 0;
				GCC_PREPROCESSOR_DEFINITIONS = (
					"DEBUG=1",
					"$(inherited)",
				);
				GCC_WARN_64_TO_32_BIT_CONVERSION = YES;
				GCC_WARN_ABOUT_RETURN_TYPE = YES_ERROR;
				GCC_WARN_UNDECLARED_SELECTOR = YES;
				GCC_WARN_UNINITIALIZED_AUTOS = YES_AGGRESSIVE;
				GCC_WARN_UNUSED_FUNCTION = YES;
				GCC_WARN_UNUSED_VARIABLE = YES;
				IPHONEOS_DEPLOYMENT_TARGET = 9.2;
				MTL_ENABLE_DEBUG_INFO = YES;
				ONLY_ACTIVE_ARCH = YES;
				SDKROOT = iphoneos;
				SWIFT_OPTIMIZATION_LEVEL = "-Onone";
				TARGETED_DEVICE_FAMILY = "1,2";
			};
			name = Debug;
		};
		DB14F77E1C803608000FA15F /* Release */ = {
			isa = XCBuildConfiguration;
			buildSettings = {
				ALWAYS_SEARCH_USER_PATHS = NO;
				CLANG_CXX_LANGUAGE_STANDARD = "gnu++0x";
				CLANG_CXX_LIBRARY = "libc++";
				CLANG_ENABLE_MODULES = YES;
				CLANG_ENABLE_OBJC_ARC = YES;
				CLANG_WARN_BOOL_CONVERSION = YES;
				CLANG_WARN_CONSTANT_CONVERSION = YES;
				CLANG_WARN_DIRECT_OBJC_ISA_USAGE = YES_ERROR;
				CLANG_WARN_EMPTY_BODY = YES;
				CLANG_WARN_ENUM_CONVERSION = YES;
				CLANG_WARN_INT_CONVERSION = YES;
				CLANG_WARN_OBJC_ROOT_CLASS = YES_ERROR;
				CLANG_WARN_UNREACHABLE_CODE = YES;
				CLANG_WARN__DUPLICATE_METHOD_MATCH = YES;
				"CODE_SIGN_IDENTITY[sdk=iphoneos*]" = "iPhone Developer";
				COPY_PHASE_STRIP = NO;
				DEBUG_INFORMATION_FORMAT = "dwarf-with-dsym";
				ENABLE_NS_ASSERTIONS = NO;
				ENABLE_STRICT_OBJC_MSGSEND = YES;
				GCC_C_LANGUAGE_STANDARD = gnu99;
				GCC_NO_COMMON_BLOCKS = YES;
				GCC_WARN_64_TO_32_BIT_CONVERSION = YES;
				GCC_WARN_ABOUT_RETURN_TYPE = YES_ERROR;
				GCC_WARN_UNDECLARED_SELECTOR = YES;
				GCC_WARN_UNINITIALIZED_AUTOS = YES_AGGRESSIVE;
				GCC_WARN_UNUSED_FUNCTION = YES;
				GCC_WARN_UNUSED_VARIABLE = YES;
				IPHONEOS_DEPLOYMENT_TARGET = 9.2;
				MTL_ENABLE_DEBUG_INFO = NO;
				SDKROOT = iphoneos;
				TARGETED_DEVICE_FAMILY = "1,2";
				VALIDATE_PRODUCT = YES;
			};
			name = Release;
		};
		DB14F7801C803608000FA15F /* Debug */ = {
			isa = XCBuildConfiguration;
			buildSettings = {
				ASSETCATALOG_COMPILER_APPICON_NAME = AppIcon;
				INFOPLIST_FILE = Celluloid/Info.plist;
				LD_RUNPATH_SEARCH_PATHS = "$(inherited) @executable_path/Frameworks";
				PRODUCT_BUNDLE_IDENTIFIER = Mango.Celluloid;
				PRODUCT_NAME = "$(TARGET_NAME)";
			};
			name = Debug;
		};
		DB14F7811C803608000FA15F /* Release */ = {
			isa = XCBuildConfiguration;
			buildSettings = {
				ASSETCATALOG_COMPILER_APPICON_NAME = AppIcon;
				INFOPLIST_FILE = Celluloid/Info.plist;
				LD_RUNPATH_SEARCH_PATHS = "$(inherited) @executable_path/Frameworks";
				PRODUCT_BUNDLE_IDENTIFIER = Mango.Celluloid;
				PRODUCT_NAME = "$(TARGET_NAME)";
			};
			name = Release;
		};
/* End XCBuildConfiguration section */

/* Begin XCConfigurationList section */
		DB14F7681C803608000FA15F /* Build configuration list for PBXProject "Celluloid" */ = {
			isa = XCConfigurationList;
			buildConfigurations = (
				DB14F77D1C803608000FA15F /* Debug */,
				DB14F77E1C803608000FA15F /* Release */,
			);
			defaultConfigurationIsVisible = 0;
			defaultConfigurationName = Release;
		};
		DB14F77F1C803608000FA15F /* Build configuration list for PBXNativeTarget "Celluloid" */ = {
			isa = XCConfigurationList;
			buildConfigurations = (
				DB14F7801C803608000FA15F /* Debug */,
				DB14F7811C803608000FA15F /* Release */,
			);
			defaultConfigurationIsVisible = 0;
		};
/* End XCConfigurationList section */
	};
	rootObject = DB14F7651C803608000FA15F /* Project object */;
}
