PODS:
  - AssistantKit (0.1.1)
  - AsyncSwift (2.0.1)
  - BSGridCollectionViewLayout (1.2.0)
  - BSImagePicker (2.6.0):
    - BSGridCollectionViewLayout (~> 1.2.0)
    - UIImageViewModeScaleAspect (= 1.5)
  - JSONCodable (3.0.1)
  - MZAppearance (1.1.6)
  - MZFormSheetPresentationController (2.4.2):
    - MZAppearance
  - SnapKit (3.2.0)
  - UIColor_Hex_Swift (3.0.2)
  - UIImageViewModeScaleAspect (1.5)

DEPENDENCIES:
  - AssistantKit
  - AsyncSwift
  - BSImagePicker
  - JSONCodable
  - MZFormSheetPresentationController
  - SnapKit
  - UIColor_Hex_Swift

SPEC CHECKSUMS:
  AssistantKit: d63f1beb8680c369d89b8d7406b025461b77336d
  AsyncSwift: 632138e42ead868b53c745fcde9bf733ce1527ad
  BSGridCollectionViewLayout: 8f12c8e1e08c47057f5a39a6828f4395f043d78f
  BSImagePicker: 7b740d0a9f23160bcdca01f179445583bd1c09b0
  JSONCodable: bd8616ae881befe2b82fbbf56d98b2dd377ac662
  MZAppearance: 0c06d3fa9cc55142f1da14bc8631fbe8fd6e19d5
  MZFormSheetPresentationController: c1dc3bce639d2393b3cc416fcb6e050eb5bca062
  SnapKit: 1ca44df72cfa543218d177cb8aab029d10d86ea7
  UIColor_Hex_Swift: 95f718452092a3efc8a827dffd2c04d3237be02d
  UIImageViewModeScaleAspect: 11a790a0b9d248a13dc63e3a78991f1463b6d84e

PODFILE CHECKSUM: be4d2de02b30af854d843941c09864f59400f254

COCOAPODS: 1.2.1
