<?xml version="1.0" encoding="UTF-8"?>
<Scheme LastUpgradeVersion="2700" version="1.3"><BuildAction parallelizeBuildables="YES" buildImplicitDependencies="YES"><BuildActionEntries><BuildActionEntry buildForTesting="YES" buildForRunning="YES" buildForProfiling="YES" buildForArchiving="YES" buildForAnalyzing="YES"><BuildableReference BuildableIdentifier="primary" BlueprintIdentifier="48F8D4E2C6E96F72EA043026" BuildableName="CelluloidPhoneCompanion.app" BlueprintName="CelluloidPhoneCompanion" ReferencedContainer="container:CelluloidNative.xcodeproj"/></BuildActionEntry></BuildActionEntries></BuildAction><TestAction buildConfiguration="Debug" selectedDebuggerIdentifier="Xcode.DebuggerFoundation.Debugger.LLDB" selectedLauncherIdentifier="Xcode.IDEFoundation.Launcher.LLDB" shouldUseLaunchSchemeArgsEnv="NO"><MacroExpansion><BuildableReference BuildableIdentifier="primary" BlueprintIdentifier="48F8D4E2C6E96F72EA043026" BuildableName="CelluloidPhoneCompanion.app" BlueprintName="CelluloidPhoneCompanion" ReferencedContainer="container:CelluloidNative.xcodeproj"/></MacroExpansion><Testables><TestableReference skipped="NO"><BuildableReference BuildableIdentifier="primary" BlueprintIdentifier="FD3F6E5FDA35BAF60C51DF60" BuildableName="CelluloidPhoneCompanionTests.xctest" BlueprintName="CelluloidPhoneCompanionTests" ReferencedContainer="container:CelluloidNative.xcodeproj"/></TestableReference></Testables></TestAction><LaunchAction buildConfiguration="Debug" selectedDebuggerIdentifier="Xcode.DebuggerFoundation.Debugger.LLDB" selectedLauncherIdentifier="Xcode.IDEFoundation.Launcher.LLDB"><BuildableProductRunnable runnableDebuggingMode="0"><BuildableReference BuildableIdentifier="primary" BlueprintIdentifier="48F8D4E2C6E96F72EA043026" BuildableName="CelluloidPhoneCompanion.app" BlueprintName="CelluloidPhoneCompanion" ReferencedContainer="container:CelluloidNative.xcodeproj"/></BuildableProductRunnable></LaunchAction><ProfileAction buildConfiguration="Release" shouldUseLaunchSchemeArgsEnv="YES"><BuildableProductRunnable runnableDebuggingMode="0"><BuildableReference BuildableIdentifier="primary" BlueprintIdentifier="48F8D4E2C6E96F72EA043026" BuildableName="CelluloidPhoneCompanion.app" BlueprintName="CelluloidPhoneCompanion" ReferencedContainer="container:CelluloidNative.xcodeproj"/></BuildableProductRunnable></ProfileAction><AnalyzeAction buildConfiguration="Debug"/><ArchiveAction buildConfiguration="Release" revealArchiveInOrganizer="YES"/></Scheme>
